
Microsoft Visual Studio Solution File, Format Version 12.00
# Visual Studio Version 17
VisualStudioVersion = 17.10.34916.146
MinimumVisualStudioVersion = 10.0.40219.1
Project("{FAE04EC0-301F-11D3-BF4B-00C04F79EFBC}") = "QLLinhKien", "ExampleLogin\QLLinhKien.csproj", "{FB8E5413-DDBA-4B3B-AB20-371FE185F10E}"
EndProject
Global
	GlobalSection(SolutionConfigurationPlatforms) = preSolution
		Debug|Any CPU = Debug|Any CPU
		Release|Any CPU = Release|Any CPU
	EndGlobalSection
	GlobalSection(ProjectConfigurationPlatforms) = postSolution
		{FB8E5413-DDBA-4B3B-AB20-371FE185F10E}.Debug|Any CPU.ActiveCfg = Debug|Any CPU
		{FB8E5413-DDBA-4B3B-AB20-371FE185F10E}.Debug|Any CPU.Build.0 = Debug|Any CPU
		{FB8E5413-DDBA-4B3B-AB20-371FE185F10E}.Release|Any CPU.ActiveCfg = Release|Any CPU
		{FB8E5413-DDBA-4B3B-AB20-371FE185F10E}.Release|Any CPU.Build.0 = Release|Any CPU
	EndGlobalSection
	GlobalSection(SolutionProperties) = preSolution
		HideSolutionNode = FALSE
	EndGlobalSection
	GlobalSection(ExtensibilityGlobals) = postSolution
		SolutionGuid = {64B5D149-A253-445E-9026-020286E6ED7C}
	EndGlobalSection
EndGlobal
